
Microsoft Visual Studio Solution File, Format Version 12.00
# Visual Studio 2013
VisualStudioVersion = 12.0.21005.1
MinimumVisualStudioVersion = 10.0.40219.1
Project("{2150E333-8FDC-42A3-9474-1A3956D46DE8}") = "0.公共层", "0.公共层", "{DD2EFAFC-2833-4C83-883E-565BE5A691CF}"
EndProject
Project("{2150E333-8FDC-42A3-9474-1A3956D46DE8}") = "1.实体层", "1.实体层", "{69782D0F-D362-4BFB-A704-5FA24BA62403}"
EndProject
Project("{2150E333-8FDC-42A3-9474-1A3956D46DE8}") = "2.数据层", "2.数据层", "{40339321-13E2-4298-A17D-E7D6586A6AF2}"
EndProject
Project("{2150E333-8FDC-42A3-9474-1A3956D46DE8}") = "3.业务层", "3.业务层", "{3425F26C-EE6B-49C4-8017-AE27B1A9E656}"
EndProject
Project("{2150E333-8FDC-42A3-9474-1A3956D46DE8}") = "4.应用服务层", "4.应用服务层", "{DB21D384-040B-445C-9290-A5C1C7C4B629}"
EndProject
Project("{2150E333-8FDC-42A3-9474-1A3956D46DE8}") = "5.UI层", "5.UI层", "{5964D424-458D-45B5-BA5C-1D8C8FA31934}"
EndProject
Project("{2150E333-8FDC-42A3-9474-1A3956D46DE8}") = "6.测试层", "6.测试层", "{677099D5-B37A-4FB2-BA4A-1BE71FB79657}"
EndProject
Project("{FAE04EC0-301F-11D3-BF4B-00C04F79EFBC}") = "JSL.EFDataContext", "JSL.EFDataContext\JSL.EFDataContext.csproj", "{B66FC379-0EB1-4C93-B0F2-5698468C0870}"
EndProject
Project("{FAE04EC0-301F-11D3-BF4B-00C04F79EFBC}") = "JSL.DataEntity", "JSL.DataEntity\JSL.DataEntity.csproj", "{1AE558D5-AC27-4A1F-BAE4-82E758528F29}"
EndProject
Project("{FAE04EC0-301F-11D3-BF4B-00C04F79EFBC}") = "YSL.Api", "YSL.Api\YSL.Api.csproj", "{5EE317FF-B4F3-47A7-8FF0-3F7BA49D8C17}"
EndProject
Project("{FAE04EC0-301F-11D3-BF4B-00C04F79EFBC}") = "YSL.Business", "YSL.Business\YSL.Business.csproj", "{97379CAB-4D7A-44B1-9689-0B61957FA456}"
EndProject
Project("{FAE04EC0-301F-11D3-BF4B-00C04F79EFBC}") = "YSL.Repository", "YSL.Repository\YSL.Repository.csproj", "{A89786EF-E44C-461D-9361-7A5224C5EA29}"
EndProject
Project("{FAE04EC0-301F-11D3-BF4B-00C04F79EFBC}") = "YSL.Common", "YSL.Common\YSL.Common.csproj", "{E7CD0433-0DFA-4B17-B8BD-2046E1B1B0A4}"
EndProject
Project("{FAE04EC0-301F-11D3-BF4B-00C04F79EFBC}") = "LibTest", "LibTest\LibTest.csproj", "{A2BF2056-4DAC-49B2-962B-658B7474A447}"
EndProject
Project("{FAE04EC0-301F-11D3-BF4B-00C04F79EFBC}") = "YSL.Framework", "YSL.Framework\YSL.Framework.csproj", "{8E2C0042-C27D-4B7C-9576-BE8C4B1A1FA2}"
EndProject
Project("{2150E333-8FDC-42A3-9474-1A3956D46DE8}") = "7.建模", "7.建模", "{2EF6B038-E16A-41C7-A0E0-122DD566EF8C}"
EndProject
Project("{2150E333-8FDC-42A3-9474-1A3956D46DE8}") = "8.文档", "8.文档", "{3ABC4DBE-39D2-42CC-A3EB-619398305FA0}"
EndProject
Project("{FAE04EC0-301F-11D3-BF4B-00C04F79EFBC}") = "YSL.Interface", "YSL.Interface\YSL.Interface.csproj", "{733BF10A-BC40-4884-8231-19098936BC36}"
EndProject
Project("{FAE04EC0-301F-11D3-BF4B-00C04F79EFBC}") = "YSL.Services", "YSL.Services\YSL.Services.csproj", "{C423478B-C22B-499A-8B91-E06278E4CB45}"
EndProject
Project("{FAE04EC0-301F-11D3-BF4B-00C04F79EFBC}") = "YSL.Host", "YSL.Host\YSL.Host.csproj", "{F7F2EB50-0D26-43DD-8BAB-7A09AF72757F}"
EndProject
Project("{FAE04EC0-301F-11D3-BF4B-00C04F79EFBC}") = "WebOrAppModuleTest", "WebOrAppModuleTest\WebOrAppModuleTest.csproj", "{D79E67CF-ECBB-4938-9C6E-38B903497E2B}"
EndProject
Global
	GlobalSection(SolutionConfigurationPlatforms) = preSolution
		Debug|Any CPU = Debug|Any CPU
		Release|Any CPU = Release|Any CPU
	EndGlobalSection
	GlobalSection(ProjectConfigurationPlatforms) = postSolution
		{B66FC379-0EB1-4C93-B0F2-5698468C0870}.Debug|Any CPU.ActiveCfg = Debug|Any CPU
		{B66FC379-0EB1-4C93-B0F2-5698468C0870}.Debug|Any CPU.Build.0 = Debug|Any CPU
		{B66FC379-0EB1-4C93-B0F2-5698468C0870}.Release|Any CPU.ActiveCfg = Release|Any CPU
		{B66FC379-0EB1-4C93-B0F2-5698468C0870}.Release|Any CPU.Build.0 = Release|Any CPU
		{1AE558D5-AC27-4A1F-BAE4-82E758528F29}.Debug|Any CPU.ActiveCfg = Debug|Any CPU
		{1AE558D5-AC27-4A1F-BAE4-82E758528F29}.Debug|Any CPU.Build.0 = Debug|Any CPU
		{1AE558D5-AC27-4A1F-BAE4-82E758528F29}.Release|Any CPU.ActiveCfg = Release|Any CPU
		{1AE558D5-AC27-4A1F-BAE4-82E758528F29}.Release|Any CPU.Build.0 = Release|Any CPU
		{5EE317FF-B4F3-47A7-8FF0-3F7BA49D8C17}.Debug|Any CPU.ActiveCfg = Debug|Any CPU
		{5EE317FF-B4F3-47A7-8FF0-3F7BA49D8C17}.Debug|Any CPU.Build.0 = Debug|Any CPU
		{5EE317FF-B4F3-47A7-8FF0-3F7BA49D8C17}.Release|Any CPU.ActiveCfg = Release|Any CPU
		{5EE317FF-B4F3-47A7-8FF0-3F7BA49D8C17}.Release|Any CPU.Build.0 = Release|Any CPU
		{97379CAB-4D7A-44B1-9689-0B61957FA456}.Debug|Any CPU.ActiveCfg = Debug|Any CPU
		{97379CAB-4D7A-44B1-9689-0B61957FA456}.Debug|Any CPU.Build.0 = Debug|Any CPU
		{97379CAB-4D7A-44B1-9689-0B61957FA456}.Release|Any CPU.ActiveCfg = Release|Any CPU
		{97379CAB-4D7A-44B1-9689-0B61957FA456}.Release|Any CPU.Build.0 = Release|Any CPU
		{A89786EF-E44C-461D-9361-7A5224C5EA29}.Debug|Any CPU.ActiveCfg = Debug|Any CPU
		{A89786EF-E44C-461D-9361-7A5224C5EA29}.Debug|Any CPU.Build.0 = Debug|Any CPU
		{A89786EF-E44C-461D-9361-7A5224C5EA29}.Release|Any CPU.ActiveCfg = Release|Any CPU
		{A89786EF-E44C-461D-9361-7A5224C5EA29}.Release|Any CPU.Build.0 = Release|Any CPU
		{E7CD0433-0DFA-4B17-B8BD-2046E1B1B0A4}.Debug|Any CPU.ActiveCfg = Debug|Any CPU
		{E7CD0433-0DFA-4B17-B8BD-2046E1B1B0A4}.Debug|Any CPU.Build.0 = Debug|Any CPU
		{E7CD0433-0DFA-4B17-B8BD-2046E1B1B0A4}.Release|Any CPU.ActiveCfg = Release|Any CPU
		{E7CD0433-0DFA-4B17-B8BD-2046E1B1B0A4}.Release|Any CPU.Build.0 = Release|Any CPU
		{A2BF2056-4DAC-49B2-962B-658B7474A447}.Debug|Any CPU.ActiveCfg = Debug|Any CPU
		{A2BF2056-4DAC-49B2-962B-658B7474A447}.Debug|Any CPU.Build.0 = Debug|Any CPU
		{A2BF2056-4DAC-49B2-962B-658B7474A447}.Release|Any CPU.ActiveCfg = Release|Any CPU
		{A2BF2056-4DAC-49B2-962B-658B7474A447}.Release|Any CPU.Build.0 = Release|Any CPU
		{8E2C0042-C27D-4B7C-9576-BE8C4B1A1FA2}.Debug|Any CPU.ActiveCfg = Debug|Any CPU
		{8E2C0042-C27D-4B7C-9576-BE8C4B1A1FA2}.Debug|Any CPU.Build.0 = Debug|Any CPU
		{8E2C0042-C27D-4B7C-9576-BE8C4B1A1FA2}.Release|Any CPU.ActiveCfg = Release|Any CPU
		{8E2C0042-C27D-4B7C-9576-BE8C4B1A1FA2}.Release|Any CPU.Build.0 = Release|Any CPU
		{733BF10A-BC40-4884-8231-19098936BC36}.Debug|Any CPU.ActiveCfg = Debug|Any CPU
		{733BF10A-BC40-4884-8231-19098936BC36}.Debug|Any CPU.Build.0 = Debug|Any CPU
		{733BF10A-BC40-4884-8231-19098936BC36}.Release|Any CPU.ActiveCfg = Release|Any CPU
		{733BF10A-BC40-4884-8231-19098936BC36}.Release|Any CPU.Build.0 = Release|Any CPU
		{C423478B-C22B-499A-8B91-E06278E4CB45}.Debug|Any CPU.ActiveCfg = Debug|Any CPU
		{C423478B-C22B-499A-8B91-E06278E4CB45}.Debug|Any CPU.Build.0 = Debug|Any CPU
		{C423478B-C22B-499A-8B91-E06278E4CB45}.Release|Any CPU.ActiveCfg = Release|Any CPU
		{C423478B-C22B-499A-8B91-E06278E4CB45}.Release|Any CPU.Build.0 = Release|Any CPU
		{F7F2EB50-0D26-43DD-8BAB-7A09AF72757F}.Debug|Any CPU.ActiveCfg = Debug|Any CPU
		{F7F2EB50-0D26-43DD-8BAB-7A09AF72757F}.Debug|Any CPU.Build.0 = Debug|Any CPU
		{F7F2EB50-0D26-43DD-8BAB-7A09AF72757F}.Release|Any CPU.ActiveCfg = Release|Any CPU
		{F7F2EB50-0D26-43DD-8BAB-7A09AF72757F}.Release|Any CPU.Build.0 = Release|Any CPU
		{D79E67CF-ECBB-4938-9C6E-38B903497E2B}.Debug|Any CPU.ActiveCfg = Debug|Any CPU
		{D79E67CF-ECBB-4938-9C6E-38B903497E2B}.Debug|Any CPU.Build.0 = Debug|Any CPU
		{D79E67CF-ECBB-4938-9C6E-38B903497E2B}.Release|Any CPU.ActiveCfg = Release|Any CPU
		{D79E67CF-ECBB-4938-9C6E-38B903497E2B}.Release|Any CPU.Build.0 = Release|Any CPU
	EndGlobalSection
	GlobalSection(SolutionProperties) = preSolution
		HideSolutionNode = FALSE
	EndGlobalSection
	GlobalSection(NestedProjects) = preSolution
		{E7CD0433-0DFA-4B17-B8BD-2046E1B1B0A4} = {DD2EFAFC-2833-4C83-883E-565BE5A691CF}
		{8E2C0042-C27D-4B7C-9576-BE8C4B1A1FA2} = {DD2EFAFC-2833-4C83-883E-565BE5A691CF}
		{B66FC379-0EB1-4C93-B0F2-5698468C0870} = {69782D0F-D362-4BFB-A704-5FA24BA62403}
		{1AE558D5-AC27-4A1F-BAE4-82E758528F29} = {69782D0F-D362-4BFB-A704-5FA24BA62403}
		{A89786EF-E44C-461D-9361-7A5224C5EA29} = {40339321-13E2-4298-A17D-E7D6586A6AF2}
		{97379CAB-4D7A-44B1-9689-0B61957FA456} = {3425F26C-EE6B-49C4-8017-AE27B1A9E656}
		{5EE317FF-B4F3-47A7-8FF0-3F7BA49D8C17} = {DB21D384-040B-445C-9290-A5C1C7C4B629}
		{733BF10A-BC40-4884-8231-19098936BC36} = {DB21D384-040B-445C-9290-A5C1C7C4B629}
		{C423478B-C22B-499A-8B91-E06278E4CB45} = {DB21D384-040B-445C-9290-A5C1C7C4B629}
		{F7F2EB50-0D26-43DD-8BAB-7A09AF72757F} = {DB21D384-040B-445C-9290-A5C1C7C4B629}
		{D79E67CF-ECBB-4938-9C6E-38B903497E2B} = {5964D424-458D-45B5-BA5C-1D8C8FA31934}
		{A2BF2056-4DAC-49B2-962B-658B7474A447} = {677099D5-B37A-4FB2-BA4A-1BE71FB79657}
	EndGlobalSection
EndGlobal
